
Microsoft Visual Studio Solution File, Format Version 12.00
# Visual Studio Version 17
VisualStudioVersion = 17.8.34330.188
MinimumVisualStudioVersion = 10.0.40219.1
Project("{8BC9CEB8-8B4A-11D0-8D11-00A0C91BC942}") = "cadex_test_project", "cadex_test_project.vcxproj", "{FD485194-AA7A-436C-B519-8A979A98A123}"
EndProject
Global
	GlobalSection(SolutionConfigurationPlatforms) = preSolution
		Debug|x64 = Debug|x64
		Debug|x86 = Debug|x86
		Release|x64 = Release|x64
		Release|x86 = Release|x86
	EndGlobalSection
	GlobalSection(ProjectConfigurationPlatforms) = postSolution
		{FD485194-AA7A-436C-B519-8A979A98A123}.Debug|x64.ActiveCfg = Debug|x64
		{FD485194-AA7A-436C-B519-8A979A98A123}.Debug|x64.Build.0 = Debug|x64
		{FD485194-AA7A-436C-B519-8A979A98A123}.Debug|x86.ActiveCfg = Debug|Win32
		{FD485194-AA7A-436C-B519-8A979A98A123}.Debug|x86.Build.0 = Debug|Win32
		{FD485194-AA7A-436C-B519-8A979A98A123}.Release|x64.ActiveCfg = Release|x64
		{FD485194-AA7A-436C-B519-8A979A98A123}.Release|x64.Build.0 = Release|x64
		{FD485194-AA7A-436C-B519-8A979A98A123}.Release|x86.ActiveCfg = Release|Win32
		{FD485194-AA7A-436C-B519-8A979A98A123}.Release|x86.Build.0 = Release|Win32
	EndGlobalSection
	GlobalSection(SolutionProperties) = preSolution
		HideSolutionNode = FALSE
	EndGlobalSection
	GlobalSection(ExtensibilityGlobals) = postSolution
		SolutionGuid = {7C109CFC-6687-45BC-B1BB-4AC2F8216D42}
	EndGlobalSection
EndGlobal
